# This file is generated by running "yarn install" inside your project.
# Manual changes might be lost - proceed with caution!

__metadata:
  version: 8
  cacheKey: 10c0

"@heroicons/react@npm:^2.1.5":
  version: 2.1.5
  resolution: "@heroicons/react@npm:2.1.5"
  peerDependencies:
    react: ">= 16"
  checksum: 10c0/d0ca2d017545da103ed8e90e9e6679d46329c1b09bb4c06ff509b0fe7cfbba7034409ea24b0469fabd2a0a9b144e8e717f58de924615e0b0a1bed7b51fcc5940
  languageName: node
  linkType: hard

"typescript@npm:^5.6.3":
  version: 5.6.3
  resolution: "typescript@npm:5.6.3"
  bin:
    tsc: bin/tsc
    tsserver: bin/tsserver
  checksum: 10c0/44f61d3fb15c35359bc60399cb8127c30bae554cd555b8e2b46d68fa79d680354b83320ad419ff1b81a0bdf324197b29affe6cc28988cd6a74d4ac60c94f9799
  languageName: node
  linkType: hard

"typescript@patch:typescript@npm%3A^5.6.3#optional!builtin<compat/typescript>":
  version: 5.6.3
  resolution: "typescript@patch:typescript@npm%3A5.6.3#optional!builtin<compat/typescript>::version=5.6.3&hash=8c6c40"
  bin:
    tsc: bin/tsc
    tsserver: bin/tsserver
  checksum: 10c0/7c9d2e07c81226d60435939618c91ec2ff0b75fbfa106eec3430f0fcf93a584bc6c73176676f532d78c3594fe28a54b36eb40b3d75593071a7ec91301533ace7
  languageName: node
  linkType: hard

"vogelvlug-design-system@workspace:.":
  version: 0.0.0-use.local
  resolution: "vogelvlug-design-system@workspace:."
  dependencies:
    "@heroicons/react": "npm:^2.1.5"
    typescript: "npm:^5.6.3"
  peerDependencies:
    react: ^18.3.1
  languageName: unknown
  linkType: soft
